
Microsoft Visual Studio Solution File, Format Version 12.00
# Visual Studio 2013
VisualStudioVersion = 12.0.40629.0
MinimumVisualStudioVersion = 10.0.40219.1
Project("{F184B08F-C81C-45F6-A57F-5ABD9991F28F}") = "App", "App\App.vbproj", "{E487DA1B-CFF0-42CC-B4AF-A02486879EED}"
EndProject
Project("{F184B08F-C81C-45F6-A57F-5ABD9991F28F}") = "Database", "Lib\Database\Database.vbproj", "{F274EA72-8B1B-44CA-9057-C757495B2345}"
EndProject
Project("{2150E333-8FDC-42A3-9474-1A3956D46DE8}") = "Lib", "Lib", "{A17AB1F6-3CA0-4D80-95A0-362DE367C3B6}"
EndProject
Project("{F184B08F-C81C-45F6-A57F-5ABD9991F28F}") = "DTC", "Lib\DTC\DTC.vbproj", "{E4C59A19-20AF-43F1-8170-482401EBDE6A}"
EndProject
Project("{F184B08F-C81C-45F6-A57F-5ABD9991F28F}") = "Settings", "Settings\Settings.vbproj", "{E999C28A-8899-4B48-98DC-68A3BEE02E78}"
EndProject
Project("{F184B08F-C81C-45F6-A57F-5ABD9991F28F}") = "ViewLib", "Lib\ViewLib\ViewLib.vbproj", "{F064BCE8-DBEA-4043-B402-0423D4DF8314}"
EndProject
Project("{F184B08F-C81C-45F6-A57F-5ABD9991F28F}") = "UtilityLib", "Lib\UtilityLib\UtilityLib.vbproj", "{04CE11B4-13B2-4D79-A1D7-4D94CC7EEFEB}"
EndProject
Project("{F184B08F-C81C-45F6-A57F-5ABD9991F28F}") = "ProcessLib", "Lib\ProcessLib\ProcessLib.vbproj", "{B1CB578F-331E-4E0C-880D-86FC1F616BD5}"
EndProject
Project("{F184B08F-C81C-45F6-A57F-5ABD9991F28F}") = "SettingLib", "Lib\SettingLib\SettingLib.vbproj", "{1909F67F-87E1-4984-8B54-9F731AD12E4B}"
EndProject
Project("{F184B08F-C81C-45F6-A57F-5ABD9991F28F}") = "InterfaceLib", "Lib\InterfaceLib\InterfaceLib.vbproj", "{9D5DEAA3-F9CC-42D8-9CF0-229FEDEC968B}"
EndProject
Global
	GlobalSection(SolutionConfigurationPlatforms) = preSolution
		Debug|x86 = Debug|x86
		Release|x86 = Release|x86
	EndGlobalSection
	GlobalSection(ProjectConfigurationPlatforms) = postSolution
		{E487DA1B-CFF0-42CC-B4AF-A02486879EED}.Debug|x86.ActiveCfg = Debug|x86
		{E487DA1B-CFF0-42CC-B4AF-A02486879EED}.Debug|x86.Build.0 = Debug|x86
		{E487DA1B-CFF0-42CC-B4AF-A02486879EED}.Release|x86.ActiveCfg = Release|x86
		{E487DA1B-CFF0-42CC-B4AF-A02486879EED}.Release|x86.Build.0 = Release|x86
		{F274EA72-8B1B-44CA-9057-C757495B2345}.Debug|x86.ActiveCfg = Debug|x86
		{F274EA72-8B1B-44CA-9057-C757495B2345}.Debug|x86.Build.0 = Debug|x86
		{F274EA72-8B1B-44CA-9057-C757495B2345}.Release|x86.ActiveCfg = Release|x86
		{F274EA72-8B1B-44CA-9057-C757495B2345}.Release|x86.Build.0 = Release|x86
		{E4C59A19-20AF-43F1-8170-482401EBDE6A}.Debug|x86.ActiveCfg = Debug|x86
		{E4C59A19-20AF-43F1-8170-482401EBDE6A}.Debug|x86.Build.0 = Debug|x86
		{E4C59A19-20AF-43F1-8170-482401EBDE6A}.Release|x86.ActiveCfg = Release|x86
		{E4C59A19-20AF-43F1-8170-482401EBDE6A}.Release|x86.Build.0 = Release|x86
		{E999C28A-8899-4B48-98DC-68A3BEE02E78}.Debug|x86.ActiveCfg = Debug|x86
		{E999C28A-8899-4B48-98DC-68A3BEE02E78}.Debug|x86.Build.0 = Debug|x86
		{E999C28A-8899-4B48-98DC-68A3BEE02E78}.Release|x86.ActiveCfg = Release|x86
		{E999C28A-8899-4B48-98DC-68A3BEE02E78}.Release|x86.Build.0 = Release|x86
		{F064BCE8-DBEA-4043-B402-0423D4DF8314}.Debug|x86.ActiveCfg = Debug|x86
		{F064BCE8-DBEA-4043-B402-0423D4DF8314}.Debug|x86.Build.0 = Debug|x86
		{F064BCE8-DBEA-4043-B402-0423D4DF8314}.Release|x86.ActiveCfg = Release|x86
		{F064BCE8-DBEA-4043-B402-0423D4DF8314}.Release|x86.Build.0 = Release|x86
		{04CE11B4-13B2-4D79-A1D7-4D94CC7EEFEB}.Debug|x86.ActiveCfg = Debug|x86
		{04CE11B4-13B2-4D79-A1D7-4D94CC7EEFEB}.Debug|x86.Build.0 = Debug|x86
		{04CE11B4-13B2-4D79-A1D7-4D94CC7EEFEB}.Release|x86.ActiveCfg = Release|x86
		{04CE11B4-13B2-4D79-A1D7-4D94CC7EEFEB}.Release|x86.Build.0 = Release|x86
		{B1CB578F-331E-4E0C-880D-86FC1F616BD5}.Debug|x86.ActiveCfg = Debug|x86
		{B1CB578F-331E-4E0C-880D-86FC1F616BD5}.Debug|x86.Build.0 = Debug|x86
		{B1CB578F-331E-4E0C-880D-86FC1F616BD5}.Release|x86.ActiveCfg = Release|x86
		{B1CB578F-331E-4E0C-880D-86FC1F616BD5}.Release|x86.Build.0 = Release|x86
		{1909F67F-87E1-4984-8B54-9F731AD12E4B}.Debug|x86.ActiveCfg = Debug|x86
		{1909F67F-87E1-4984-8B54-9F731AD12E4B}.Debug|x86.Build.0 = Debug|x86
		{1909F67F-87E1-4984-8B54-9F731AD12E4B}.Release|x86.ActiveCfg = Release|x86
		{1909F67F-87E1-4984-8B54-9F731AD12E4B}.Release|x86.Build.0 = Release|x86
		{9D5DEAA3-F9CC-42D8-9CF0-229FEDEC968B}.Debug|x86.ActiveCfg = Debug|x86
		{9D5DEAA3-F9CC-42D8-9CF0-229FEDEC968B}.Debug|x86.Build.0 = Debug|x86
		{9D5DEAA3-F9CC-42D8-9CF0-229FEDEC968B}.Release|x86.ActiveCfg = Release|x86
		{9D5DEAA3-F9CC-42D8-9CF0-229FEDEC968B}.Release|x86.Build.0 = Release|x86
	EndGlobalSection
	GlobalSection(SolutionProperties) = preSolution
		HideSolutionNode = FALSE
	EndGlobalSection
	GlobalSection(NestedProjects) = preSolution
		{F274EA72-8B1B-44CA-9057-C757495B2345} = {A17AB1F6-3CA0-4D80-95A0-362DE367C3B6}
		{E4C59A19-20AF-43F1-8170-482401EBDE6A} = {A17AB1F6-3CA0-4D80-95A0-362DE367C3B6}
		{F064BCE8-DBEA-4043-B402-0423D4DF8314} = {A17AB1F6-3CA0-4D80-95A0-362DE367C3B6}
		{04CE11B4-13B2-4D79-A1D7-4D94CC7EEFEB} = {A17AB1F6-3CA0-4D80-95A0-362DE367C3B6}
		{B1CB578F-331E-4E0C-880D-86FC1F616BD5} = {A17AB1F6-3CA0-4D80-95A0-362DE367C3B6}
		{1909F67F-87E1-4984-8B54-9F731AD12E4B} = {A17AB1F6-3CA0-4D80-95A0-362DE367C3B6}
		{9D5DEAA3-F9CC-42D8-9CF0-229FEDEC968B} = {A17AB1F6-3CA0-4D80-95A0-362DE367C3B6}
	EndGlobalSection
EndGlobal
